
Microsoft Visual Studio Solution File, Format Version 12.00
# Visual Studio Version 17
VisualStudioVersion = 17.10.35122.118
MinimumVisualStudioVersion = 10.0.40219.1
Project("{9A19103F-16F7-4668-BE54-9A1E7A4F7556}") = "volume-mixer", "volume-mixer\volume-mixer.csproj", "{47BD5968-992C-4E92-8EEA-CD40562613DF}"
EndProject
Project("{54435603-DBB4-11D2-8724-00A0C9A8B90C}") = "Installer", "Installer\Installer.vdproj", "{613781E5-011B-4440-8C02-F234B34EA630}"
EndProject
Global
	GlobalSection(SolutionConfigurationPlatforms) = preSolution
		Debug|Any CPU = Debug|Any CPU
		Release|Any CPU = Release|Any CPU
	EndGlobalSection
	GlobalSection(ProjectConfigurationPlatforms) = postSolution
		{47BD5968-992C-4E92-8EEA-CD40562613DF}.Debug|Any CPU.ActiveCfg = Debug|Any CPU
		{47BD5968-992C-4E92-8EEA-CD40562613DF}.Debug|Any CPU.Build.0 = Debug|Any CPU
		{47BD5968-992C-4E92-8EEA-CD40562613DF}.Release|Any CPU.ActiveCfg = Release|Any CPU
		{47BD5968-992C-4E92-8EEA-CD40562613DF}.Release|Any CPU.Build.0 = Release|Any CPU
		{613781E5-011B-4440-8C02-F234B34EA630}.Debug|Any CPU.ActiveCfg = Debug
		{613781E5-011B-4440-8C02-F234B34EA630}.Release|Any CPU.ActiveCfg = Release
	EndGlobalSection
	GlobalSection(SolutionProperties) = preSolution
		HideSolutionNode = FALSE
	EndGlobalSection
	GlobalSection(ExtensibilityGlobals) = postSolution
		SolutionGuid = {02A7DCC8-58AC-49F0-9226-FA3987547331}
	EndGlobalSection
EndGlobal
